
Microsoft Visual Studio Solution File, Format Version 12.00
# Visual Studio Version 17
VisualStudioVersion = 17.8.34316.72
MinimumVisualStudioVersion = 10.0.40219.1
Project("{FAE04EC0-301F-11D3-BF4B-00C04F79EFBC}") = "GMapTool", "GMapTool\GMapTool.csproj", "{62EDF859-5114-4954-AFDC-BAD7436CE031}"
EndProject
Project("{2150E333-8FDC-42A3-9474-1A3956D46DE8}") = "Solution Items", "Solution Items", "{503E1256-F914-432D-A130-B0064765A5DE}"
	ProjectSection(SolutionItems) = preProject
		ProjectNotes.txt = ProjectNotes.txt
	EndProjectSection
EndProject
Global
	GlobalSection(SolutionConfigurationPlatforms) = preSolution
		Debug|Any CPU = Debug|Any CPU
		Release|Any CPU = Release|Any CPU
	EndGlobalSection
	GlobalSection(ProjectConfigurationPlatforms) = postSolution
		{62EDF859-5114-4954-AFDC-BAD7436CE031}.Debug|Any CPU.ActiveCfg = Debug|Any CPU
		{62EDF859-5114-4954-AFDC-BAD7436CE031}.Debug|Any CPU.Build.0 = Debug|Any CPU
		{62EDF859-5114-4954-AFDC-BAD7436CE031}.Release|Any CPU.ActiveCfg = Release|Any CPU
		{62EDF859-5114-4954-AFDC-BAD7436CE031}.Release|Any CPU.Build.0 = Release|Any CPU
	EndGlobalSection
	GlobalSection(SolutionProperties) = preSolution
		HideSolutionNode = FALSE
	EndGlobalSection
	GlobalSection(ExtensibilityGlobals) = postSolution
		SolutionGuid = {5FF3249B-26F4-4DF7-93FA-43374735B34C}
	EndGlobalSection
EndGlobal
